
Microsoft Visual Studio Solution File, Format Version 12.00
# Visual Studio Version 16
VisualStudioVersion = 16.0.31205.134
MinimumVisualStudioVersion = 10.0.40219.1
Project("{9A19103F-16F7-4668-BE54-9A1E7A4F7556}") = "Carontinho", "Carontinho\Carontinho.csproj", "{ACBA1B07-2A2A-473D-9D0E-437D046114AE}"
EndProject
Project("{E53339B2-1760-4266-BCC7-CA923CBCF16C}") = "docker-compose", "docker-compose.dcproj", "{F6154798-BDDB-42ED-B679-BA1E82E18332}"
EndProject
Project("{FAE04EC0-301F-11D3-BF4B-00C04F79EFBC}") = "Carontino.SQLScript", "..\Carontino.SQLScript\Carontino.SQLScript.csproj", "{7DD4A953-6278-4404-A3F5-DABA96841909}"
EndProject
Global
	GlobalSection(SolutionConfigurationPlatforms) = preSolution
		Debug|Any CPU = Debug|Any CPU
		Release|Any CPU = Release|Any CPU
	EndGlobalSection
	GlobalSection(ProjectConfigurationPlatforms) = postSolution
		{ACBA1B07-2A2A-473D-9D0E-437D046114AE}.Debug|Any CPU.ActiveCfg = Debug|Any CPU
		{ACBA1B07-2A2A-473D-9D0E-437D046114AE}.Debug|Any CPU.Build.0 = Debug|Any CPU
		{ACBA1B07-2A2A-473D-9D0E-437D046114AE}.Release|Any CPU.ActiveCfg = Release|Any CPU
		{ACBA1B07-2A2A-473D-9D0E-437D046114AE}.Release|Any CPU.Build.0 = Release|Any CPU
		{F6154798-BDDB-42ED-B679-BA1E82E18332}.Debug|Any CPU.ActiveCfg = Debug|Any CPU
		{F6154798-BDDB-42ED-B679-BA1E82E18332}.Debug|Any CPU.Build.0 = Debug|Any CPU
		{F6154798-BDDB-42ED-B679-BA1E82E18332}.Release|Any CPU.ActiveCfg = Release|Any CPU
		{F6154798-BDDB-42ED-B679-BA1E82E18332}.Release|Any CPU.Build.0 = Release|Any CPU
		{7DD4A953-6278-4404-A3F5-DABA96841909}.Debug|Any CPU.ActiveCfg = Debug|Any CPU
		{7DD4A953-6278-4404-A3F5-DABA96841909}.Debug|Any CPU.Build.0 = Debug|Any CPU
		{7DD4A953-6278-4404-A3F5-DABA96841909}.Release|Any CPU.ActiveCfg = Release|Any CPU
		{7DD4A953-6278-4404-A3F5-DABA96841909}.Release|Any CPU.Build.0 = Release|Any CPU
	EndGlobalSection
	GlobalSection(SolutionProperties) = preSolution
		HideSolutionNode = FALSE
	EndGlobalSection
	GlobalSection(ExtensibilityGlobals) = postSolution
		SolutionGuid = {7C3CA9B4-971F-447F-B8B7-5478790AE2CB}
	EndGlobalSection
EndGlobal
